
Microsoft Visual Studio Solution File, Format Version 12.00
# Visual Studio Version 16
VisualStudioVersion = 16.0.31321.278
MinimumVisualStudioVersion = 10.0.40219.1
Project("{FAE04EC0-301F-11D3-BF4B-00C04F79EFBC}") = "Calculator", "Calculator\Calculator.csproj", "{2C4BF51B-307D-4671-8BA2-BF653FD46B0E}"
EndProject
Global
	GlobalSection(SolutionConfigurationPlatforms) = preSolution
		Debug|Any CPU = Debug|Any CPU
		Release|Any CPU = Release|Any CPU
	EndGlobalSection
	GlobalSection(ProjectConfigurationPlatforms) = postSolution
		{2C4BF51B-307D-4671-8BA2-BF653FD46B0E}.Debug|Any CPU.ActiveCfg = Debug|Any CPU
		{2C4BF51B-307D-4671-8BA2-BF653FD46B0E}.Debug|Any CPU.Build.0 = Debug|Any CPU
		{2C4BF51B-307D-4671-8BA2-BF653FD46B0E}.Release|Any CPU.ActiveCfg = Release|Any CPU
		{2C4BF51B-307D-4671-8BA2-BF653FD46B0E}.Release|Any CPU.Build.0 = Release|Any CPU
	EndGlobalSection
	GlobalSection(SolutionProperties) = preSolution
		HideSolutionNode = FALSE
	EndGlobalSection
	GlobalSection(ExtensibilityGlobals) = postSolution
		SolutionGuid = {2AEA8CF9-3B3F-4182-81B1-44516BFA2833}
	EndGlobalSection
EndGlobal
